{
  "name": "@jsdoc/template-original",
  "version": "1.0.0",
  "lockfileVersion": 1,
  "requires": true,
  "dependencies": {
    "code-prettify": {
      "version": "0.1.0",
      "resolved": "https://registry.npmjs.org/code-prettify/-/code-prettify-0.1.0.tgz",
      "integrity": "sha1-RocMyMGlDQm61TmzOpg9vUqjSx4="
    },
    "color-themes-for-google-code-prettify": {
      "version": "2.0.4",
      "resolved": "https://registry.npmjs.org/color-themes-for-google-code-prettify/-/color-themes-for-google-code-prettify-2.0.4.tgz",
      "integrity": "sha1-3urPZX/WhXaGR1TU5IbXjf2x54Q="
    },
    "open-sans-fonts": {
      "version": "1.5.0",
      "resolved": "https://registry.npmjs.org/open-sans-fonts/-/open-sans-fonts-1.5.0.tgz",
      "integrity": "sha512-NvjD5sh6wnuKRCuYRbgy/Gf/ykQWeemJxUb+MM3YKpdTiTdLtrmSJy0rGntA+RivaGIWjpe689d9wR3GfiGdiQ=="
    }
  }
}
