{
  "name": "@jsdoc/test-matchers",
  "version": "0.1.2",
  "lockfileVersion": 1,
  "requires": true,
  "dependencies": {
    "add-matchers": {
      "version": "0.6.2",
      "resolved": "https://registry.npmjs.org/add-matchers/-/add-matchers-0.6.2.tgz",
      "integrity": "sha512-hVO2wodMei9RF00qe+506MoeJ/NEOdCMEkSJ12+fC3hx/5Z4zmhNiP92nJEF6XhmXokeB0hOtuQrjHCx2vmXrQ=="
    },
    "jasmine-expect": {
      "version": "4.0.3",
      "resolved": "https://registry.npmjs.org/jasmine-expect/-/jasmine-expect-4.0.3.tgz",
      "integrity": "sha512-ucHOO6qpY6/vwgxoRVzyYywIRuvGEmI1uk69INjdZ84h2dUHIXHf8A5jUkM1kQHy9lHP1jqq9/S5VAkYUsFYCg==",
      "requires": {
        "add-matchers": "0.6.2"
      }
    }
  }
}
