{
  "name": "@jsdoc/test-matchers",
  "version": "0.1.18",
  "lockfileVersion": 2,
  "requires": true,
  "packages": {
    "": {
      "name": "@jsdoc/test-matchers",
      "version": "0.1.18",
      "license": "Apache-2.0",
      "dependencies": {
        "add-matchers": "^0.6.2",
        "jasmine-expect": "^5.0.0",
        "lodash": "^4.17.21",
        "prettier": "^2.8.2"
      },
      "engines": {
        "node": ">=v18.12.0"
      }
    },
    "node_modules/add-matchers": {
      "version": "0.6.2",
      "resolved": "https://registry.npmjs.org/add-matchers/-/add-matchers-0.6.2.tgz",
      "integrity": "sha512-hVO2wodMei9RF00qe+506MoeJ/NEOdCMEkSJ12+fC3hx/5Z4zmhNiP92nJEF6XhmXokeB0hOtuQrjHCx2vmXrQ=="
    },
    "node_modules/jasmine-expect": {
      "version": "5.0.0",
      "resolved": "https://registry.npmjs.org/jasmine-expect/-/jasmine-expect-5.0.0.tgz",
      "integrity": "sha512-byn1zq0EQBA9UKs5A+H6gk5TRcanV+TqQMRxrjurGuqKkclaqgjw/vV6aT/jtf5tabXGonTH6VDZJ33Z1pxSxw==",
      "dependencies": {
        "add-matchers": "0.6.2"
      }
    },
    "node_modules/lodash": {
      "version": "4.17.21",
      "resolved": "https://registry.npmjs.org/lodash/-/lodash-4.17.21.tgz",
      "integrity": "sha512-v2kDEe57lecTulaDIuNTPy3Ry4gLGJ6Z1O3vE1krgXZNrsQ+LFTGHVxVjcXPs17LhbZVGedAJv8XZ1tvj5FvSg=="
    },
    "node_modules/prettier": {
      "version": "2.8.2",
      "resolved": "https://registry.npmjs.org/prettier/-/prettier-2.8.2.tgz",
      "integrity": "sha512-BtRV9BcncDyI2tsuS19zzhzoxD8Dh8LiCx7j7tHzrkz8GFXAexeWFdi22mjE1d16dftH2qNaytVxqiRTGlMfpw==",
      "bin": {
        "prettier": "bin-prettier.js"
      },
      "engines": {
        "node": ">=10.13.0"
      },
      "funding": {
        "url": "https://github.com/prettier/prettier?sponsor=1"
      }
    }
  },
  "dependencies": {
    "add-matchers": {
      "version": "0.6.2",
      "resolved": "https://registry.npmjs.org/add-matchers/-/add-matchers-0.6.2.tgz",
      "integrity": "sha512-hVO2wodMei9RF00qe+506MoeJ/NEOdCMEkSJ12+fC3hx/5Z4zmhNiP92nJEF6XhmXokeB0hOtuQrjHCx2vmXrQ=="
    },
    "jasmine-expect": {
      "version": "5.0.0",
      "resolved": "https://registry.npmjs.org/jasmine-expect/-/jasmine-expect-5.0.0.tgz",
      "integrity": "sha512-byn1zq0EQBA9UKs5A+H6gk5TRcanV+TqQMRxrjurGuqKkclaqgjw/vV6aT/jtf5tabXGonTH6VDZJ33Z1pxSxw==",
      "requires": {
        "add-matchers": "0.6.2"
      }
    },
    "lodash": {
      "version": "4.17.21",
      "resolved": "https://registry.npmjs.org/lodash/-/lodash-4.17.21.tgz",
      "integrity": "sha512-v2kDEe57lecTulaDIuNTPy3Ry4gLGJ6Z1O3vE1krgXZNrsQ+LFTGHVxVjcXPs17LhbZVGedAJv8XZ1tvj5FvSg=="
    },
    "prettier": {
      "version": "2.8.2",
      "resolved": "https://registry.npmjs.org/prettier/-/prettier-2.8.2.tgz",
      "integrity": "sha512-BtRV9BcncDyI2tsuS19zzhzoxD8Dh8LiCx7j7tHzrkz8GFXAexeWFdi22mjE1d16dftH2qNaytVxqiRTGlMfpw=="
    }
  }
}
