{
  "name": "@jsdoc/doclet",
  "version": "0.1.1",
  "lockfileVersion": 3,
  "requires": true,
  "packages": {
    "": {
      "name": "@jsdoc/doclet",
      "version": "0.1.1",
      "license": "Apache-2.0",
      "dependencies": {
        "@jsdoc/ast": "^0.1.0",
        "@jsdoc/core": "^0.4.5",
        "@jsdoc/tag": "^0.1.5",
        "@jsdoc/util": "^0.2.8",
        "lodash": "^4.17.21",
        "strip-bom": "^4.0.0"
      }
    },
    "../jsdoc-ast": {
      "name": "@jsdoc/ast",
      "version": "0.1.0",
      "license": "Apache-2.0",
      "dependencies": {
        "@babel/parser": "^7.20.5",
        "@jsdoc/core": "^0.4.5",
        "@jsdoc/util": "^0.2.8",
        "lodash": "^4.17.21"
      },
      "engines": {
        "node": ">=v18.12.0"
      }
    },
    "../jsdoc-ast/node_modules/@babel/parser": {
      "version": "7.20.5",
      "license": "MIT",
      "bin": {
        "parser": "bin/babel-parser.js"
      },
      "engines": {
        "node": ">=6.0.0"
      }
    },
    "../jsdoc-ast/node_modules/@jsdoc/core": {
      "resolved": "../jsdoc-core",
      "link": true
    },
    "../jsdoc-ast/node_modules/@jsdoc/util": {
      "resolved": "../jsdoc-util",
      "link": true
    },
    "../jsdoc-ast/node_modules/lodash": {
      "version": "4.17.21",
      "license": "MIT"
    },
    "../jsdoc-core": {
      "name": "@jsdoc/core",
      "version": "0.4.5",
      "license": "Apache-2.0",
      "dependencies": {
        "bottlejs": "^2.0.1",
        "cosmiconfig": "^7.1.0",
        "escape-string-regexp": "^4.0.0",
        "lodash": "^4.17.21",
        "strip-bom": "^4.0.0",
        "strip-json-comments": "^3.1.1"
      },
      "engines": {
        "node": ">=v18.12.0"
      }
    },
    "../jsdoc-core/node_modules/@babel/code-frame": {
      "version": "7.14.5",
      "license": "MIT",
      "dependencies": {
        "@babel/highlight": "^7.14.5"
      },
      "engines": {
        "node": ">=6.9.0"
      }
    },
    "../jsdoc-core/node_modules/@babel/helper-validator-identifier": {
      "version": "7.14.9",
      "license": "MIT",
      "engines": {
        "node": ">=6.9.0"
      }
    },
    "../jsdoc-core/node_modules/@babel/highlight": {
      "version": "7.14.5",
      "license": "MIT",
      "dependencies": {
        "@babel/helper-validator-identifier": "^7.14.5",
        "chalk": "^2.0.0",
        "js-tokens": "^4.0.0"
      },
      "engines": {
        "node": ">=6.9.0"
      }
    },
    "../jsdoc-core/node_modules/@types/parse-json": {
      "version": "4.0.0",
      "license": "MIT"
    },
    "../jsdoc-core/node_modules/ansi-styles": {
      "version": "3.2.1",
      "license": "MIT",
      "dependencies": {
        "color-convert": "^1.9.0"
      },
      "engines": {
        "node": ">=4"
      }
    },
    "../jsdoc-core/node_modules/bottlejs": {
      "version": "2.0.1",
      "license": "MIT"
    },
    "../jsdoc-core/node_modules/callsites": {
      "version": "3.1.0",
      "license": "MIT",
      "engines": {
        "node": ">=6"
      }
    },
    "../jsdoc-core/node_modules/chalk": {
      "version": "2.4.2",
      "license": "MIT",
      "dependencies": {
        "ansi-styles": "^3.2.1",
        "escape-string-regexp": "^1.0.5",
        "supports-color": "^5.3.0"
      },
      "engines": {
        "node": ">=4"
      }
    },
    "../jsdoc-core/node_modules/chalk/node_modules/escape-string-regexp": {
      "version": "1.0.5",
      "license": "MIT",
      "engines": {
        "node": ">=0.8.0"
      }
    },
    "../jsdoc-core/node_modules/color-convert": {
      "version": "1.9.3",
      "license": "MIT",
      "dependencies": {
        "color-name": "1.1.3"
      }
    },
    "../jsdoc-core/node_modules/color-name": {
      "version": "1.1.3",
      "license": "MIT"
    },
    "../jsdoc-core/node_modules/cosmiconfig": {
      "version": "7.1.0",
      "license": "MIT",
      "dependencies": {
        "@types/parse-json": "^4.0.0",
        "import-fresh": "^3.2.1",
        "parse-json": "^5.0.0",
        "path-type": "^4.0.0",
        "yaml": "^1.10.0"
      },
      "engines": {
        "node": ">=10"
      }
    },
    "../jsdoc-core/node_modules/error-ex": {
      "version": "1.3.2",
      "license": "MIT",
      "dependencies": {
        "is-arrayish": "^0.2.1"
      }
    },
    "../jsdoc-core/node_modules/escape-string-regexp": {
      "version": "4.0.0",
      "license": "MIT",
      "engines": {
        "node": ">=10"
      },
      "funding": {
        "url": "https://github.com/sponsors/sindresorhus"
      }
    },
    "../jsdoc-core/node_modules/has-flag": {
      "version": "3.0.0",
      "license": "MIT",
      "engines": {
        "node": ">=4"
      }
    },
    "../jsdoc-core/node_modules/import-fresh": {
      "version": "3.3.0",
      "license": "MIT",
      "dependencies": {
        "parent-module": "^1.0.0",
        "resolve-from": "^4.0.0"
      },
      "engines": {
        "node": ">=6"
      },
      "funding": {
        "url": "https://github.com/sponsors/sindresorhus"
      }
    },
    "../jsdoc-core/node_modules/is-arrayish": {
      "version": "0.2.1",
      "license": "MIT"
    },
    "../jsdoc-core/node_modules/js-tokens": {
      "version": "4.0.0",
      "license": "MIT"
    },
    "../jsdoc-core/node_modules/json-parse-even-better-errors": {
      "version": "2.3.1",
      "license": "MIT"
    },
    "../jsdoc-core/node_modules/lines-and-columns": {
      "version": "1.1.6",
      "license": "MIT"
    },
    "../jsdoc-core/node_modules/lodash": {
      "version": "4.17.21",
      "license": "MIT"
    },
    "../jsdoc-core/node_modules/parent-module": {
      "version": "1.0.1",
      "license": "MIT",
      "dependencies": {
        "callsites": "^3.0.0"
      },
      "engines": {
        "node": ">=6"
      }
    },
    "../jsdoc-core/node_modules/parse-json": {
      "version": "5.2.0",
      "license": "MIT",
      "dependencies": {
        "@babel/code-frame": "^7.0.0",
        "error-ex": "^1.3.1",
        "json-parse-even-better-errors": "^2.3.0",
        "lines-and-columns": "^1.1.6"
      },
      "engines": {
        "node": ">=8"
      },
      "funding": {
        "url": "https://github.com/sponsors/sindresorhus"
      }
    },
    "../jsdoc-core/node_modules/path-type": {
      "version": "4.0.0",
      "license": "MIT",
      "engines": {
        "node": ">=8"
      }
    },
    "../jsdoc-core/node_modules/resolve-from": {
      "version": "4.0.0",
      "license": "MIT",
      "engines": {
        "node": ">=4"
      }
    },
    "../jsdoc-core/node_modules/strip-bom": {
      "version": "4.0.0",
      "license": "MIT",
      "engines": {
        "node": ">=8"
      }
    },
    "../jsdoc-core/node_modules/strip-json-comments": {
      "version": "3.1.1",
      "license": "MIT",
      "engines": {
        "node": ">=8"
      },
      "funding": {
        "url": "https://github.com/sponsors/sindresorhus"
      }
    },
    "../jsdoc-core/node_modules/supports-color": {
      "version": "5.5.0",
      "license": "MIT",
      "dependencies": {
        "has-flag": "^3.0.0"
      },
      "engines": {
        "node": ">=4"
      }
    },
    "../jsdoc-core/node_modules/yaml": {
      "version": "1.10.2",
      "license": "ISC",
      "engines": {
        "node": ">= 6"
      }
    },
    "../jsdoc-tag": {
      "name": "@jsdoc/tag",
      "version": "0.1.5",
      "license": "Apache-2.0",
      "dependencies": {
        "@jsdoc/core": "^0.4.5",
        "@jsdoc/util": "^0.2.8",
        "catharsis": "^0.9.0",
        "lodash": "^4.17.21"
      },
      "engines": {
        "node": ">=v18.12.0"
      }
    },
    "../jsdoc-tag/node_modules/@jsdoc/core": {
      "resolved": "../jsdoc-core",
      "link": true
    },
    "../jsdoc-tag/node_modules/@jsdoc/util": {
      "resolved": "../jsdoc-util",
      "link": true
    },
    "../jsdoc-tag/node_modules/catharsis": {
      "version": "0.9.0",
      "license": "MIT",
      "dependencies": {
        "lodash": "^4.17.15"
      },
      "engines": {
        "node": ">= 10"
      }
    },
    "../jsdoc-tag/node_modules/lodash": {
      "version": "4.17.21",
      "license": "MIT"
    },
    "../jsdoc-util": {
      "name": "@jsdoc/util",
      "version": "0.2.8",
      "license": "Apache-2.0",
      "dependencies": {
        "klaw-sync": "^6.0.0",
        "lodash": "^4.17.21",
        "ow": "^0.28.2"
      },
      "engines": {
        "node": ">=v18.12.0"
      }
    },
    "../jsdoc-util/node_modules/@sindresorhus/is": {
      "version": "4.2.0",
      "license": "MIT",
      "engines": {
        "node": ">=10"
      },
      "funding": {
        "url": "https://github.com/sindresorhus/is?sponsor=1"
      }
    },
    "../jsdoc-util/node_modules/callsites": {
      "version": "3.1.0",
      "license": "MIT",
      "engines": {
        "node": ">=6"
      }
    },
    "../jsdoc-util/node_modules/dot-prop": {
      "version": "6.0.1",
      "license": "MIT",
      "dependencies": {
        "is-obj": "^2.0.0"
      },
      "engines": {
        "node": ">=10"
      },
      "funding": {
        "url": "https://github.com/sponsors/sindresorhus"
      }
    },
    "../jsdoc-util/node_modules/graceful-fs": {
      "version": "4.2.3",
      "license": "ISC"
    },
    "../jsdoc-util/node_modules/is-obj": {
      "version": "2.0.0",
      "license": "MIT",
      "engines": {
        "node": ">=8"
      }
    },
    "../jsdoc-util/node_modules/klaw-sync": {
      "version": "6.0.0",
      "license": "MIT",
      "dependencies": {
        "graceful-fs": "^4.1.11"
      }
    },
    "../jsdoc-util/node_modules/lodash": {
      "version": "4.17.21",
      "license": "MIT"
    },
    "../jsdoc-util/node_modules/lodash.isequal": {
      "version": "4.5.0",
      "license": "MIT"
    },
    "../jsdoc-util/node_modules/ow": {
      "version": "0.28.2",
      "license": "MIT",
      "dependencies": {
        "@sindresorhus/is": "^4.2.0",
        "callsites": "^3.1.0",
        "dot-prop": "^6.0.1",
        "lodash.isequal": "^4.5.0",
        "vali-date": "^1.0.0"
      },
      "engines": {
        "node": ">=12"
      },
      "funding": {
        "url": "https://github.com/sponsors/sindresorhus"
      }
    },
    "../jsdoc-util/node_modules/vali-date": {
      "version": "1.0.0",
      "license": "MIT",
      "engines": {
        "node": ">=0.10.0"
      }
    },
    "node_modules/@jsdoc/ast": {
      "resolved": "../jsdoc-ast",
      "link": true
    },
    "node_modules/@jsdoc/core": {
      "resolved": "../jsdoc-core",
      "link": true
    },
    "node_modules/@jsdoc/tag": {
      "resolved": "../jsdoc-tag",
      "link": true
    },
    "node_modules/@jsdoc/util": {
      "resolved": "../jsdoc-util",
      "link": true
    },
    "node_modules/lodash": {
      "version": "4.17.21",
      "license": "MIT"
    },
    "node_modules/strip-bom": {
      "version": "4.0.0",
      "license": "MIT",
      "engines": {
        "node": ">=8"
      }
    }
  }
}
