{
	"name": "@jsdoc/task-runner",
	"version": "0.1.10",
	"lockfileVersion": 1,
	"requires": true,
	"dependencies": {
		"@sindresorhus/is": {
			"version": "4.0.0",
			"resolved": "https://registry.npmjs.org/@sindresorhus/is/-/is-4.0.0.tgz",
			"integrity": "sha512-FyD2meJpDPjyNQejSjvnhpgI/azsQkA4lGbuu5BQZfjvJ9cbRZXzeWL2HceCekW4lixO9JPesIIQkSoLjeJHNQ=="
		},
		"callsites": {
			"version": "3.1.0",
			"resolved": "https://registry.npmjs.org/callsites/-/callsites-3.1.0.tgz",
			"integrity": "sha512-P8BjAsXvZS+VIDUI11hHCQEv74YT67YUi5JJFNWIqL235sBmjX4+qx9Muvls5ivyNENctx46xQLQ3aTuE7ssaQ=="
		},
		"dependency-graph": {
			"version": "0.10.0",
			"resolved": "https://registry.npmjs.org/dependency-graph/-/dependency-graph-0.10.0.tgz",
			"integrity": "sha512-c9amUgpgxSi1bE5/sbLwcs5diLD0ygCQYmhfM5H1s5VH1mCsYkcmAL3CcNdv4kdSw6JuMoHeDGzLgj/gAXdWVg=="
		},
		"dot-prop": {
			"version": "6.0.1",
			"resolved": "https://registry.npmjs.org/dot-prop/-/dot-prop-6.0.1.tgz",
			"integrity": "sha512-tE7ztYzXHIeyvc7N+hR3oi7FIbf/NIjVP9hmAt3yMXzrQ072/fpjGLx2GxNxGxUl5V73MEqYzioOMoVhGMJ5cA==",
			"requires": {
				"is-obj": "^2.0.0"
			}
		},
		"emittery": {
			"version": "0.8.1",
			"resolved": "https://registry.npmjs.org/emittery/-/emittery-0.8.1.tgz",
			"integrity": "sha512-uDfvUjVrfGJJhymx/kz6prltenw1u7WrCg1oa94zYY8xxVpLLUu045LAT0dhDZdXG58/EpPL/5kA180fQ/qudg=="
		},
		"eventemitter3": {
			"version": "4.0.7",
			"resolved": "https://registry.npmjs.org/eventemitter3/-/eventemitter3-4.0.7.tgz",
			"integrity": "sha512-8guHBZCwKnFhYdHr2ysuRWErTwhoN2X8XELRlrRwpmfeY2jjuUN4taQMsULKUVo1K4DvZl+0pgfyoysHxvmvEw=="
		},
		"is-obj": {
			"version": "2.0.0",
			"resolved": "https://registry.npmjs.org/is-obj/-/is-obj-2.0.0.tgz",
			"integrity": "sha512-drqDG3cbczxxEJRoOXcOjtdp1J/lyp1mNn0xaznRs8+muBhgQcrnbspox5X5fOw0HnMnbfDzvnEMEtqDEJEo8w=="
		},
		"lodash.isequal": {
			"version": "4.5.0",
			"resolved": "https://registry.npmjs.org/lodash.isequal/-/lodash.isequal-4.5.0.tgz",
			"integrity": "sha1-QVxEePK8wwEgwizhDtMib30+GOA="
		},
		"ow": {
			"version": "0.22.0",
			"resolved": "https://registry.npmjs.org/ow/-/ow-0.22.0.tgz",
			"integrity": "sha512-VZpjntwsFxg+oM2pZ0Km8p6+FLAugD86TQWHmz0Ldm/rfSs6qezggArumK+FrBUFAXodWULJrbV5ie0LkhWJdQ==",
			"requires": {
				"@sindresorhus/is": "^4.0.0",
				"callsites": "^3.1.0",
				"dot-prop": "^6.0.1",
				"lodash.isequal": "^4.5.0",
				"type-fest": "^0.20.2",
				"vali-date": "^1.0.0"
			}
		},
		"p-finally": {
			"version": "1.0.0",
			"resolved": "https://registry.npmjs.org/p-finally/-/p-finally-1.0.0.tgz",
			"integrity": "sha1-P7z7FbiZpEEjs0ttzBi3JDNqLK4="
		},
		"p-queue": {
			"version": "6.6.2",
			"resolved": "https://registry.npmjs.org/p-queue/-/p-queue-6.6.2.tgz",
			"integrity": "sha512-RwFpb72c/BhQLEXIZ5K2e+AhgNVmIejGlTgiB9MzZ0e93GRvqZ7uSi0dvRF7/XIXDeNkra2fNHBxTyPDGySpjQ==",
			"requires": {
				"eventemitter3": "^4.0.4",
				"p-timeout": "^3.2.0"
			}
		},
		"p-timeout": {
			"version": "3.2.0",
			"resolved": "https://registry.npmjs.org/p-timeout/-/p-timeout-3.2.0.tgz",
			"integrity": "sha512-rhIwUycgwwKcP9yTOOFK/AKsAopjjCakVqLHePO3CC6Mir1Z99xT+R63jZxAT5lFZLa2inS5h+ZS2GvR99/FBg==",
			"requires": {
				"p-finally": "^1.0.0"
			}
		},
		"type-fest": {
			"version": "0.20.2",
			"resolved": "https://registry.npmjs.org/type-fest/-/type-fest-0.20.2.tgz",
			"integrity": "sha512-Ne+eE4r0/iWnpAxD852z3A+N0Bt5RN//NjJwRd2VFHEmrywxf5vsZlh4R6lixl6B+wz/8d+maTSAkN1FIkI3LQ=="
		},
		"vali-date": {
			"version": "1.0.0",
			"resolved": "https://registry.npmjs.org/vali-date/-/vali-date-1.0.0.tgz",
			"integrity": "sha1-G5BKWWCfsyjvB4E4Qgk09rhnCaY="
		}
	}
}
