{
	"name": "@jsdoc/task-runner",
	"version": "0.1.10",
	"lockfileVersion": 1,
	"requires": true,
	"dependencies": {
		"@sindresorhus/is": {
			"version": "4.0.1",
			"resolved": "https://registry.npmjs.org/@sindresorhus/is/-/is-4.0.1.tgz",
			"integrity": "sha512-Qm9hBEBu18wt1PO2flE7LPb30BHMQt1eQgbV76YntdNk73XZGpn3izvGTYxbGgzXKgbCjiia0uxTd3aTNQrY/g=="
		},
		"callsites": {
			"version": "3.1.0",
			"resolved": "https://registry.npmjs.org/callsites/-/callsites-3.1.0.tgz",
			"integrity": "sha512-P8BjAsXvZS+VIDUI11hHCQEv74YT67YUi5JJFNWIqL235sBmjX4+qx9Muvls5ivyNENctx46xQLQ3aTuE7ssaQ=="
		},
		"dependency-graph": {
			"version": "0.11.0",
			"resolved": "https://registry.npmjs.org/dependency-graph/-/dependency-graph-0.11.0.tgz",
			"integrity": "sha512-JeMq7fEshyepOWDfcfHK06N3MhyPhz++vtqWhMT5O9A3K42rdsEDpfdVqjaqaAhsw6a+ZqeDvQVtD0hFHQWrzg=="
		},
		"dot-prop": {
			"version": "6.0.1",
			"resolved": "https://registry.npmjs.org/dot-prop/-/dot-prop-6.0.1.tgz",
			"integrity": "sha512-tE7ztYzXHIeyvc7N+hR3oi7FIbf/NIjVP9hmAt3yMXzrQ072/fpjGLx2GxNxGxUl5V73MEqYzioOMoVhGMJ5cA==",
			"requires": {
				"is-obj": "^2.0.0"
			}
		},
		"emittery": {
			"version": "0.9.2",
			"resolved": "https://registry.npmjs.org/emittery/-/emittery-0.9.2.tgz",
			"integrity": "sha512-sweWHu3j4dQm+NjLPu17pv+m5lCeK7g4Ov0NgfbRUEyzLc59DYDeRYXqlxEvuolaToI0VR3ThjFAghzl7Acjfw=="
		},
		"eventemitter3": {
			"version": "4.0.7",
			"resolved": "https://registry.npmjs.org/eventemitter3/-/eventemitter3-4.0.7.tgz",
			"integrity": "sha512-8guHBZCwKnFhYdHr2ysuRWErTwhoN2X8XELRlrRwpmfeY2jjuUN4taQMsULKUVo1K4DvZl+0pgfyoysHxvmvEw=="
		},
		"is-obj": {
			"version": "2.0.0",
			"resolved": "https://registry.npmjs.org/is-obj/-/is-obj-2.0.0.tgz",
			"integrity": "sha512-drqDG3cbczxxEJRoOXcOjtdp1J/lyp1mNn0xaznRs8+muBhgQcrnbspox5X5fOw0HnMnbfDzvnEMEtqDEJEo8w=="
		},
		"lodash.isequal": {
			"version": "4.5.0",
			"resolved": "https://registry.npmjs.org/lodash.isequal/-/lodash.isequal-4.5.0.tgz",
			"integrity": "sha1-QVxEePK8wwEgwizhDtMib30+GOA="
		},
		"ow": {
			"version": "0.25.0",
			"resolved": "https://registry.npmjs.org/ow/-/ow-0.25.0.tgz",
			"integrity": "sha512-b5W5LK8u76y2NGBFNye0Gy2CtpFYT/K4VD1hKzg2DqTmhSCgQlZl8OuYe8rh9mEG3N+86TBN6Rc6EXc+O6QAUQ==",
			"requires": {
				"@sindresorhus/is": "^4.0.1",
				"callsites": "^3.1.0",
				"dot-prop": "^6.0.1",
				"lodash.isequal": "^4.5.0",
				"type-fest": "^1.2.1",
				"vali-date": "^1.0.0"
			}
		},
		"p-finally": {
			"version": "1.0.0",
			"resolved": "https://registry.npmjs.org/p-finally/-/p-finally-1.0.0.tgz",
			"integrity": "sha1-P7z7FbiZpEEjs0ttzBi3JDNqLK4="
		},
		"p-queue": {
			"version": "6.6.2",
			"resolved": "https://registry.npmjs.org/p-queue/-/p-queue-6.6.2.tgz",
			"integrity": "sha512-RwFpb72c/BhQLEXIZ5K2e+AhgNVmIejGlTgiB9MzZ0e93GRvqZ7uSi0dvRF7/XIXDeNkra2fNHBxTyPDGySpjQ==",
			"requires": {
				"eventemitter3": "^4.0.4",
				"p-timeout": "^3.2.0"
			}
		},
		"p-timeout": {
			"version": "3.2.0",
			"resolved": "https://registry.npmjs.org/p-timeout/-/p-timeout-3.2.0.tgz",
			"integrity": "sha512-rhIwUycgwwKcP9yTOOFK/AKsAopjjCakVqLHePO3CC6Mir1Z99xT+R63jZxAT5lFZLa2inS5h+ZS2GvR99/FBg==",
			"requires": {
				"p-finally": "^1.0.0"
			}
		},
		"type-fest": {
			"version": "1.2.1",
			"resolved": "https://registry.npmjs.org/type-fest/-/type-fest-1.2.1.tgz",
			"integrity": "sha512-SbmIRuXhJs8KTneu77Ecylt9zuqL683tuiLYpTRil4H++eIhqCmx6ko6KAFem9dty8sOdnEiX7j4K1nRE628fQ=="
		},
		"vali-date": {
			"version": "1.0.0",
			"resolved": "https://registry.npmjs.org/vali-date/-/vali-date-1.0.0.tgz",
			"integrity": "sha1-G5BKWWCfsyjvB4E4Qgk09rhnCaY="
		}
	}
}
