{
  "name": "@jsdoc/task-runner",
  "version": "0.1.2",
  "lockfileVersion": 1,
  "requires": true,
  "dependencies": {
    "dependency-graph": {
      "version": "0.8.0",
      "resolved": "https://registry.npmjs.org/dependency-graph/-/dependency-graph-0.8.0.tgz",
      "integrity": "sha512-DCvzSq2UiMsuLnj/9AL484ummEgLtZIcRS7YvtO38QnpX3vqh9nJ8P+zhu8Ja+SmLrBHO2iDbva20jq38qvBkQ=="
    },
    "emittery": {
      "version": "0.5.1",
      "resolved": "https://registry.npmjs.org/emittery/-/emittery-0.5.1.tgz",
      "integrity": "sha512-sYZXNHH9PhTfs98ROEFVC3bLiR8KSqXQsEHIwZ9J6H0RaQObC3JYq4G8IvDd0b45/LxfGKYBpmaUN4LiKytaNw=="
    },
    "eventemitter3": {
      "version": "4.0.0",
      "resolved": "https://registry.npmjs.org/eventemitter3/-/eventemitter3-4.0.0.tgz",
      "integrity": "sha512-qerSRB0p+UDEssxTtm6EDKcE7W4OaoisfIMl4CngyEhjpYglocpNg6UEqCvemdGhosAsg4sO2dXJOdyBifPGCg=="
    },
    "ow": {
      "version": "0.13.2",
      "resolved": "https://registry.npmjs.org/ow/-/ow-0.13.2.tgz",
      "integrity": "sha512-9wvr+q+ZTDRvXDjL6eDOdFe5WUl/wa5sntf9kAolxqSpkBqaIObwLgFCGXSJASFw+YciXnOVtDWpxXa9cqV94A==",
      "requires": {
        "type-fest": "^0.5.1"
      }
    },
    "p-finally": {
      "version": "1.0.0",
      "resolved": "https://registry.npmjs.org/p-finally/-/p-finally-1.0.0.tgz",
      "integrity": "sha1-P7z7FbiZpEEjs0ttzBi3JDNqLK4="
    },
    "p-queue": {
      "version": "6.2.0",
      "resolved": "https://registry.npmjs.org/p-queue/-/p-queue-6.2.0.tgz",
      "integrity": "sha512-B2LXNONcyn/G6uz2UBFsGjmSa0e/br3jznlzhEyCXg56c7VhEpiT2pZxGOfv32Q3FSyugAdys9KGpsv3kV+Sbg==",
      "requires": {
        "eventemitter3": "^4.0.0",
        "p-timeout": "^3.1.0"
      }
    },
    "p-timeout": {
      "version": "3.2.0",
      "resolved": "https://registry.npmjs.org/p-timeout/-/p-timeout-3.2.0.tgz",
      "integrity": "sha512-rhIwUycgwwKcP9yTOOFK/AKsAopjjCakVqLHePO3CC6Mir1Z99xT+R63jZxAT5lFZLa2inS5h+ZS2GvR99/FBg==",
      "requires": {
        "p-finally": "^1.0.0"
      }
    },
    "type-fest": {
      "version": "0.5.2",
      "resolved": "https://registry.npmjs.org/type-fest/-/type-fest-0.5.2.tgz",
      "integrity": "sha512-DWkS49EQKVX//Tbupb9TFa19c7+MK1XmzkrZUR8TAktmE/DizXoaoJV6TZ/tSIPXipqNiRI6CyAe7x69Jb6RSw=="
    }
  }
}
