{
	"name": "jsdoc",
	"version": "4.0.0-dev.16",
	"lockfileVersion": 2,
	"requires": true,
	"packages": {
		"": {
			"version": "4.0.0-dev.16",
			"license": "Apache-2.0",
			"dependencies": {
				"@babel/parser": "^7.12.11",
				"bluebird": "^3.7.2",
				"catharsis": "^0.9.0",
				"code-prettify": "^0.1.0",
				"color-themes-for-google-code-prettify": "^2.0.4",
				"common-path-prefix": "^3.0.0",
				"escape-string-regexp": "^4.0.0",
				"lodash": "^4.17.20",
				"open-sans-fonts": "^1.6.2",
				"requizzle": "^0.2.3",
				"strip-bom": "^4.0.0",
				"strip-json-comments": "^3.1.1",
				"taffydb": "2.6.2"
			},
			"bin": {
				"jsdoc": "jsdoc.js"
			},
			"engines": {
				"node": ">=10.18.0"
			}
		},
		"node_modules/@babel/parser": {
			"version": "7.12.11",
			"resolved": "https://registry.npmjs.org/@babel/parser/-/parser-7.12.11.tgz",
			"integrity": "sha512-N3UxG+uuF4CMYoNj8AhnbAcJF0PiuJ9KHuy1lQmkYsxTer/MAH9UBNHsBoAX/4s6NvlDD047No8mYVGGzLL4hg==",
			"bin": {
				"parser": "bin/babel-parser.js"
			},
			"engines": {
				"node": ">=6.0.0"
			}
		},
		"node_modules/bluebird": {
			"version": "3.7.2",
			"resolved": "https://registry.npmjs.org/bluebird/-/bluebird-3.7.2.tgz",
			"integrity": "sha512-XpNj6GDQzdfW+r2Wnn7xiSAd7TM3jzkxGXBGTtWKuSXv1xUV+azxAm8jdWZN06QTQk+2N2XB9jRDkvbmQmcRtg=="
		},
		"node_modules/catharsis": {
			"version": "0.9.0",
			"resolved": "https://registry.npmjs.org/catharsis/-/catharsis-0.9.0.tgz",
			"integrity": "sha512-prMTQVpcns/tzFgFVkVp6ak6RykZyWb3gu8ckUpd6YkTlacOd3DXGJjIpD4Q6zJirizvaiAjSSHlOsA+6sNh2A==",
			"dependencies": {
				"lodash": "^4.17.15"
			},
			"engines": {
				"node": ">= 10"
			}
		},
		"node_modules/code-prettify": {
			"version": "0.1.0",
			"resolved": "https://registry.npmjs.org/code-prettify/-/code-prettify-0.1.0.tgz",
			"integrity": "sha1-RocMyMGlDQm61TmzOpg9vUqjSx4="
		},
		"node_modules/color-themes-for-google-code-prettify": {
			"version": "2.0.4",
			"resolved": "https://registry.npmjs.org/color-themes-for-google-code-prettify/-/color-themes-for-google-code-prettify-2.0.4.tgz",
			"integrity": "sha1-3urPZX/WhXaGR1TU5IbXjf2x54Q=",
			"engines": {
				"node": ">=5.9.0"
			}
		},
		"node_modules/common-path-prefix": {
			"version": "3.0.0",
			"resolved": "https://registry.npmjs.org/common-path-prefix/-/common-path-prefix-3.0.0.tgz",
			"integrity": "sha512-QE33hToZseCH3jS0qN96O/bSh3kaw/h+Tq7ngyY9eWDUnTlTNUyqfqvCXioLe5Na5jFsL78ra/wuBU4iuEgd4w=="
		},
		"node_modules/escape-string-regexp": {
			"version": "4.0.0",
			"resolved": "https://registry.npmjs.org/escape-string-regexp/-/escape-string-regexp-4.0.0.tgz",
			"integrity": "sha512-TtpcNJ3XAzx3Gq8sWRzJaVajRs0uVxA2YAkdb1jm2YkPz4G6egUFAyA3n5vtEIZefPk5Wa4UXbKuS5fKkJWdgA==",
			"engines": {
				"node": ">=10"
			},
			"funding": {
				"url": "https://github.com/sponsors/sindresorhus"
			}
		},
		"node_modules/lodash": {
			"version": "4.17.20",
			"resolved": "https://registry.npmjs.org/lodash/-/lodash-4.17.20.tgz",
			"integrity": "sha512-PlhdFcillOINfeV7Ni6oF1TAEayyZBoZ8bcshTHqOYJYlrqzRK5hagpagky5o4HfCzzd1TRkXPMFq6cKk9rGmA=="
		},
		"node_modules/open-sans-fonts": {
			"version": "1.6.2",
			"resolved": "https://registry.npmjs.org/open-sans-fonts/-/open-sans-fonts-1.6.2.tgz",
			"integrity": "sha512-vsJ6/Mm0TdUKQJqxfkXJy+0K2X0QeRuTmxQq9YE1ycziw6CbDPolDsHhQ6+ImoV/7OTh8K8ZTGklY1Z5nUAwug=="
		},
		"node_modules/requizzle": {
			"version": "0.2.3",
			"resolved": "https://registry.npmjs.org/requizzle/-/requizzle-0.2.3.tgz",
			"integrity": "sha512-YanoyJjykPxGHii0fZP0uUPEXpvqfBDxWV7s6GKAiiOsiqhX6vHNyW3Qzdmqp/iq/ExbhaGbVrjB4ruEVSM4GQ==",
			"dependencies": {
				"lodash": "^4.17.14"
			}
		},
		"node_modules/strip-bom": {
			"version": "4.0.0",
			"resolved": "https://registry.npmjs.org/strip-bom/-/strip-bom-4.0.0.tgz",
			"integrity": "sha512-3xurFv5tEgii33Zi8Jtp55wEIILR9eh34FAW00PZf+JnSsTmV/ioewSgQl97JHvgjoRGwPShsWm+IdrxB35d0w==",
			"engines": {
				"node": ">=8"
			}
		},
		"node_modules/strip-json-comments": {
			"version": "3.1.1",
			"resolved": "https://registry.npmjs.org/strip-json-comments/-/strip-json-comments-3.1.1.tgz",
			"integrity": "sha512-6fPc+R4ihwqP6N/aIv2f1gMH8lOVtWQHoqC4yK6oSDVVocumAsfCqjkXnqiYMhmMwS/mEHLp7Vehlt3ql6lEig==",
			"engines": {
				"node": ">=8"
			},
			"funding": {
				"url": "https://github.com/sponsors/sindresorhus"
			}
		},
		"node_modules/taffydb": {
			"version": "2.6.2",
			"resolved": "https://registry.npmjs.org/taffydb/-/taffydb-2.6.2.tgz",
			"integrity": "sha1-fLy2S1oUG2ou/CxdLGe04VCyomg="
		}
	},
	"dependencies": {
		"@babel/parser": {
			"version": "7.12.11",
			"resolved": "https://registry.npmjs.org/@babel/parser/-/parser-7.12.11.tgz",
			"integrity": "sha512-N3UxG+uuF4CMYoNj8AhnbAcJF0PiuJ9KHuy1lQmkYsxTer/MAH9UBNHsBoAX/4s6NvlDD047No8mYVGGzLL4hg=="
		},
		"bluebird": {
			"version": "3.7.2",
			"resolved": "https://registry.npmjs.org/bluebird/-/bluebird-3.7.2.tgz",
			"integrity": "sha512-XpNj6GDQzdfW+r2Wnn7xiSAd7TM3jzkxGXBGTtWKuSXv1xUV+azxAm8jdWZN06QTQk+2N2XB9jRDkvbmQmcRtg=="
		},
		"catharsis": {
			"version": "0.9.0",
			"resolved": "https://registry.npmjs.org/catharsis/-/catharsis-0.9.0.tgz",
			"integrity": "sha512-prMTQVpcns/tzFgFVkVp6ak6RykZyWb3gu8ckUpd6YkTlacOd3DXGJjIpD4Q6zJirizvaiAjSSHlOsA+6sNh2A==",
			"requires": {
				"lodash": "^4.17.15"
			}
		},
		"code-prettify": {
			"version": "0.1.0",
			"resolved": "https://registry.npmjs.org/code-prettify/-/code-prettify-0.1.0.tgz",
			"integrity": "sha1-RocMyMGlDQm61TmzOpg9vUqjSx4="
		},
		"color-themes-for-google-code-prettify": {
			"version": "2.0.4",
			"resolved": "https://registry.npmjs.org/color-themes-for-google-code-prettify/-/color-themes-for-google-code-prettify-2.0.4.tgz",
			"integrity": "sha1-3urPZX/WhXaGR1TU5IbXjf2x54Q="
		},
		"common-path-prefix": {
			"version": "3.0.0",
			"resolved": "https://registry.npmjs.org/common-path-prefix/-/common-path-prefix-3.0.0.tgz",
			"integrity": "sha512-QE33hToZseCH3jS0qN96O/bSh3kaw/h+Tq7ngyY9eWDUnTlTNUyqfqvCXioLe5Na5jFsL78ra/wuBU4iuEgd4w=="
		},
		"escape-string-regexp": {
			"version": "4.0.0",
			"resolved": "https://registry.npmjs.org/escape-string-regexp/-/escape-string-regexp-4.0.0.tgz",
			"integrity": "sha512-TtpcNJ3XAzx3Gq8sWRzJaVajRs0uVxA2YAkdb1jm2YkPz4G6egUFAyA3n5vtEIZefPk5Wa4UXbKuS5fKkJWdgA=="
		},
		"lodash": {
			"version": "4.17.20",
			"resolved": "https://registry.npmjs.org/lodash/-/lodash-4.17.20.tgz",
			"integrity": "sha512-PlhdFcillOINfeV7Ni6oF1TAEayyZBoZ8bcshTHqOYJYlrqzRK5hagpagky5o4HfCzzd1TRkXPMFq6cKk9rGmA=="
		},
		"open-sans-fonts": {
			"version": "1.6.2",
			"resolved": "https://registry.npmjs.org/open-sans-fonts/-/open-sans-fonts-1.6.2.tgz",
			"integrity": "sha512-vsJ6/Mm0TdUKQJqxfkXJy+0K2X0QeRuTmxQq9YE1ycziw6CbDPolDsHhQ6+ImoV/7OTh8K8ZTGklY1Z5nUAwug=="
		},
		"requizzle": {
			"version": "0.2.3",
			"resolved": "https://registry.npmjs.org/requizzle/-/requizzle-0.2.3.tgz",
			"integrity": "sha512-YanoyJjykPxGHii0fZP0uUPEXpvqfBDxWV7s6GKAiiOsiqhX6vHNyW3Qzdmqp/iq/ExbhaGbVrjB4ruEVSM4GQ==",
			"requires": {
				"lodash": "^4.17.14"
			}
		},
		"strip-bom": {
			"version": "4.0.0",
			"resolved": "https://registry.npmjs.org/strip-bom/-/strip-bom-4.0.0.tgz",
			"integrity": "sha512-3xurFv5tEgii33Zi8Jtp55wEIILR9eh34FAW00PZf+JnSsTmV/ioewSgQl97JHvgjoRGwPShsWm+IdrxB35d0w=="
		},
		"strip-json-comments": {
			"version": "3.1.1",
			"resolved": "https://registry.npmjs.org/strip-json-comments/-/strip-json-comments-3.1.1.tgz",
			"integrity": "sha512-6fPc+R4ihwqP6N/aIv2f1gMH8lOVtWQHoqC4yK6oSDVVocumAsfCqjkXnqiYMhmMwS/mEHLp7Vehlt3ql6lEig=="
		},
		"taffydb": {
			"version": "2.6.2",
			"resolved": "https://registry.npmjs.org/taffydb/-/taffydb-2.6.2.tgz",
			"integrity": "sha1-fLy2S1oUG2ou/CxdLGe04VCyomg="
		}
	}
}
