{
  "name": "jsdoc",
  "version": "4.0.0-dev.12",
  "lockfileVersion": 1,
  "requires": true,
  "dependencies": {
    "@babel/parser": {
      "version": "7.10.2",
      "resolved": "https://registry.npmjs.org/@babel/parser/-/parser-7.10.2.tgz",
      "integrity": "sha512-PApSXlNMJyB4JiGVhCOlzKIif+TKFTvu0aQAhnTvfP/z3vVSN6ZypH5bfUNwFXXjRQtUEBNFd2PtmCmG2Py3qQ=="
    },
    "argparse": {
      "version": "1.0.10",
      "resolved": "https://registry.npmjs.org/argparse/-/argparse-1.0.10.tgz",
      "integrity": "sha512-o5Roy6tNG4SL/FOkCAN6RzjiakZS25RLYFrcMttJqbdd8BWrnA+fGz57iN5Pb06pvBGvl5gQ0B48dJlslXvoTg==",
      "requires": {
        "sprintf-js": "~1.0.2"
      }
    },
    "bluebird": {
      "version": "3.7.2",
      "resolved": "https://registry.npmjs.org/bluebird/-/bluebird-3.7.2.tgz",
      "integrity": "sha512-XpNj6GDQzdfW+r2Wnn7xiSAd7TM3jzkxGXBGTtWKuSXv1xUV+azxAm8jdWZN06QTQk+2N2XB9jRDkvbmQmcRtg=="
    },
    "catharsis": {
      "version": "0.8.11",
      "resolved": "https://registry.npmjs.org/catharsis/-/catharsis-0.8.11.tgz",
      "integrity": "sha512-a+xUyMV7hD1BrDQA/3iPV7oc+6W26BgVJO05PGEoatMyIuPScQKsde6i3YorWX1qs+AZjnJ18NqdKoCtKiNh1g==",
      "requires": {
        "lodash": "^4.17.14"
      }
    },
    "code-prettify": {
      "version": "0.1.0",
      "resolved": "https://registry.npmjs.org/code-prettify/-/code-prettify-0.1.0.tgz",
      "integrity": "sha1-RocMyMGlDQm61TmzOpg9vUqjSx4="
    },
    "color-themes-for-google-code-prettify": {
      "version": "2.0.4",
      "resolved": "https://registry.npmjs.org/color-themes-for-google-code-prettify/-/color-themes-for-google-code-prettify-2.0.4.tgz",
      "integrity": "sha1-3urPZX/WhXaGR1TU5IbXjf2x54Q="
    },
    "common-path-prefix": {
      "version": "3.0.0",
      "resolved": "https://registry.npmjs.org/common-path-prefix/-/common-path-prefix-3.0.0.tgz",
      "integrity": "sha512-QE33hToZseCH3jS0qN96O/bSh3kaw/h+Tq7ngyY9eWDUnTlTNUyqfqvCXioLe5Na5jFsL78ra/wuBU4iuEgd4w=="
    },
    "entities": {
      "version": "2.0.2",
      "resolved": "https://registry.npmjs.org/entities/-/entities-2.0.2.tgz",
      "integrity": "sha512-dmD3AvJQBUjKpcNkoqr+x+IF0SdRtPz9Vk0uTy4yWqga9ibB6s4v++QFWNohjiUGoMlF552ZvNyXDxz5iW0qmw=="
    },
    "escape-string-regexp": {
      "version": "4.0.0",
      "resolved": "https://registry.npmjs.org/escape-string-regexp/-/escape-string-regexp-4.0.0.tgz",
      "integrity": "sha512-TtpcNJ3XAzx3Gq8sWRzJaVajRs0uVxA2YAkdb1jm2YkPz4G6egUFAyA3n5vtEIZefPk5Wa4UXbKuS5fKkJWdgA=="
    },
    "linkify-it": {
      "version": "3.0.1",
      "resolved": "https://registry.npmjs.org/linkify-it/-/linkify-it-3.0.1.tgz",
      "integrity": "sha512-/CEnQ8L2N1vUK+sL2W/ZpTsYKEhOG0MlS9h07Q5GF3kfyVF85ItCRdU38rI89CJtmWMESt0xKaCd58vB0fzWeQ==",
      "requires": {
        "uc.micro": "^1.0.1"
      }
    },
    "lodash": {
      "version": "4.17.15",
      "resolved": "https://registry.npmjs.org/lodash/-/lodash-4.17.15.tgz",
      "integrity": "sha512-8xOcRHvCjnocdS5cpwXQXVzmmh5e5+saE2QGoeQmbKmRS6J3VQppPOIt0MnmE+4xlZoumy0GPG0D0MVIQbNA1A=="
    },
    "markdown-it": {
      "version": "11.0.0",
      "resolved": "https://registry.npmjs.org/markdown-it/-/markdown-it-11.0.0.tgz",
      "integrity": "sha512-+CvOnmbSubmQFSA9dKz1BRiaSMV7rhexl3sngKqFyXSagoA3fBdJQ8oZWtRy2knXdpDXaBw44euz37DeJQ9asg==",
      "requires": {
        "argparse": "^1.0.7",
        "entities": "~2.0.0",
        "linkify-it": "^3.0.1",
        "mdurl": "^1.0.1",
        "uc.micro": "^1.0.5"
      }
    },
    "markdown-it-anchor": {
      "version": "5.3.0",
      "resolved": "https://registry.npmjs.org/markdown-it-anchor/-/markdown-it-anchor-5.3.0.tgz",
      "integrity": "sha512-/V1MnLL/rgJ3jkMWo84UR+K+jF1cxNG1a+KwqeXqTIJ+jtA8aWSHuigx8lTzauiIjBDbwF3NcWQMotd0Dm39jA=="
    },
    "marked": {
      "version": "1.1.0",
      "resolved": "https://registry.npmjs.org/marked/-/marked-1.1.0.tgz",
      "integrity": "sha512-EkE7RW6KcXfMHy2PA7Jg0YJE1l8UPEZE8k45tylzmZM30/r1M1MUXWQfJlrSbsTeh7m/XTwHbWUENvAJZpp1YA=="
    },
    "mdurl": {
      "version": "1.0.1",
      "resolved": "https://registry.npmjs.org/mdurl/-/mdurl-1.0.1.tgz",
      "integrity": "sha1-/oWy7HWlkDfyrf7BAP1sYBdhFS4="
    },
    "open-sans-fonts": {
      "version": "1.6.2",
      "resolved": "https://registry.npmjs.org/open-sans-fonts/-/open-sans-fonts-1.6.2.tgz",
      "integrity": "sha512-vsJ6/Mm0TdUKQJqxfkXJy+0K2X0QeRuTmxQq9YE1ycziw6CbDPolDsHhQ6+ImoV/7OTh8K8ZTGklY1Z5nUAwug=="
    },
    "requizzle": {
      "version": "0.2.3",
      "resolved": "https://registry.npmjs.org/requizzle/-/requizzle-0.2.3.tgz",
      "integrity": "sha512-YanoyJjykPxGHii0fZP0uUPEXpvqfBDxWV7s6GKAiiOsiqhX6vHNyW3Qzdmqp/iq/ExbhaGbVrjB4ruEVSM4GQ==",
      "requires": {
        "lodash": "^4.17.14"
      }
    },
    "sprintf-js": {
      "version": "1.0.3",
      "resolved": "https://registry.npmjs.org/sprintf-js/-/sprintf-js-1.0.3.tgz",
      "integrity": "sha1-BOaSb2YolTVPPdAVIDYzuFcpfiw="
    },
    "strip-bom": {
      "version": "4.0.0",
      "resolved": "https://registry.npmjs.org/strip-bom/-/strip-bom-4.0.0.tgz",
      "integrity": "sha512-3xurFv5tEgii33Zi8Jtp55wEIILR9eh34FAW00PZf+JnSsTmV/ioewSgQl97JHvgjoRGwPShsWm+IdrxB35d0w=="
    },
    "strip-json-comments": {
      "version": "3.1.0",
      "resolved": "https://registry.npmjs.org/strip-json-comments/-/strip-json-comments-3.1.0.tgz",
      "integrity": "sha512-e6/d0eBu7gHtdCqFt0xJr642LdToM5/cN4Qb9DbHjVx1CP5RyeM+zH7pbecEmDv/lBqb0QH+6Uqq75rxFPkM0w=="
    },
    "taffydb": {
      "version": "2.6.2",
      "resolved": "https://registry.npmjs.org/taffydb/-/taffydb-2.6.2.tgz",
      "integrity": "sha1-fLy2S1oUG2ou/CxdLGe04VCyomg="
    },
    "uc.micro": {
      "version": "1.0.6",
      "resolved": "https://registry.npmjs.org/uc.micro/-/uc.micro-1.0.6.tgz",
      "integrity": "sha512-8Y75pvTYkLJW2hWQHXxoqRgV7qb9B+9vFEtidML+7koHUFapnVJAZ6cKs+Qjz5Aw3aZWHMC6u0wJE3At+nSGwA=="
    }
  }
}
