{
  "name": "jsdoc",
  "version": "5.0.0-dev.8",
  "lockfileVersion": 3,
  "requires": true,
  "packages": {
    "": {
      "name": "jsdoc",
      "version": "5.0.0-dev.8",
      "license": "Apache-2.0",
      "dependencies": {
        "@jsdoc/cli": "^0.3.2",
        "@jsdoc/core": "^0.5.2",
        "@jsdoc/doclet": "^0.2.2",
        "@jsdoc/parse": "^0.3.2",
        "@jsdoc/salty": "^0.2.5",
        "@jsdoc/tag": "^0.2.2",
        "@jsdoc/util": "^0.3.0",
        "lodash": "^4.17.21",
        "strip-bom": "^5.0.0",
        "strip-json-comments": "^5.0.1"
      },
      "bin": {
        "jsdoc": "jsdoc.js"
      },
      "engines": {
        "node": ">=v18.12.0"
      }
    },
    "../jsdoc-ast": {
      "name": "@jsdoc/ast",
      "version": "0.1.1",
      "extraneous": true,
      "license": "Apache-2.0",
      "dependencies": {
        "@babel/parser": "^7.20.5",
        "@jsdoc/core": "^0.4.6",
        "@jsdoc/util": "^0.2.8",
        "lodash": "^4.17.21"
      },
      "engines": {
        "node": ">=v18.12.0"
      }
    },
    "../jsdoc-cli": {
      "name": "@jsdoc/cli",
      "version": "0.2.11",
      "extraneous": true,
      "license": "Apache-2.0",
      "dependencies": {
        "@jsdoc/core": "^0.4.6",
        "@jsdoc/util": "^0.2.8",
        "lodash": "^4.17.21",
        "ow": "^0.28.2",
        "strip-bom": "^4.0.0",
        "yargs-parser": "^21.1.1"
      },
      "engines": {
        "node": ">=v18.12.0"
      }
    },
    "../jsdoc-core": {
      "name": "@jsdoc/core",
      "version": "0.4.6",
      "extraneous": true,
      "license": "Apache-2.0",
      "dependencies": {
        "bottlejs": "^2.0.1",
        "cosmiconfig": "^7.1.0",
        "escape-string-regexp": "^4.0.0",
        "lodash": "^4.17.21",
        "strip-bom": "^4.0.0",
        "strip-json-comments": "^3.1.1"
      },
      "engines": {
        "node": ">=v18.12.0"
      }
    },
    "../jsdoc-doclet": {
      "name": "@jsdoc/doclet",
      "version": "0.1.2",
      "extraneous": true,
      "license": "Apache-2.0",
      "dependencies": {
        "@jsdoc/ast": "^0.1.1",
        "@jsdoc/core": "^0.4.6",
        "@jsdoc/tag": "^0.1.6",
        "@jsdoc/util": "^0.2.8",
        "lodash": "^4.17.21",
        "strip-bom": "^4.0.0"
      }
    },
    "../jsdoc-parse": {
      "name": "@jsdoc/parse",
      "version": "0.2.0",
      "extraneous": true,
      "license": "Apache-2.0",
      "dependencies": {
        "@jsdoc/ast": "^0.1.1",
        "@jsdoc/core": "^0.4.6",
        "@jsdoc/doclet": "^0.1.2",
        "@jsdoc/util": "^0.2.8",
        "escape-string-regexp": "^4.0.0"
      }
    },
    "../jsdoc-salty": {
      "name": "@jsdoc/salty",
      "version": "0.2.3",
      "extraneous": true,
      "license": "Apache-2.0",
      "dependencies": {
        "lodash": "^4.17.21"
      },
      "engines": {
        "node": ">=v12.0.0"
      }
    },
    "../jsdoc-tag": {
      "name": "@jsdoc/tag",
      "version": "0.1.6",
      "extraneous": true,
      "license": "Apache-2.0",
      "dependencies": {
        "@jsdoc/ast": "^0.1.1",
        "@jsdoc/core": "^0.4.6",
        "@jsdoc/util": "^0.2.8",
        "catharsis": "^0.9.0",
        "common-path-prefix": "^3.0.0",
        "lodash": "^4.17.21"
      },
      "engines": {
        "node": ">=v18.12.0"
      }
    },
    "../jsdoc-util": {
      "name": "@jsdoc/util",
      "version": "0.2.8",
      "extraneous": true,
      "license": "Apache-2.0",
      "dependencies": {
        "klaw-sync": "^6.0.0",
        "lodash": "^4.17.21",
        "ow": "^0.28.2"
      },
      "engines": {
        "node": ">=v18.12.0"
      }
    },
    "node_modules/@babel/code-frame": {
      "version": "7.22.13",
      "resolved": "https://registry.npmjs.org/@babel/code-frame/-/code-frame-7.22.13.tgz",
      "integrity": "sha512-XktuhWlJ5g+3TJXc5upd9Ks1HutSArik6jf2eAjYFyIOf4ej3RN+184cZbzDvbPnuTJIUhPKKJE3cIsYTiAT3w==",
      "dependencies": {
        "@babel/highlight": "^7.22.13",
        "chalk": "^2.4.2"
      },
      "engines": {
        "node": ">=6.9.0"
      }
    },
    "node_modules/@babel/helper-validator-identifier": {
      "version": "7.22.5",
      "resolved": "https://registry.npmjs.org/@babel/helper-validator-identifier/-/helper-validator-identifier-7.22.5.tgz",
      "integrity": "sha512-aJXu+6lErq8ltp+JhkJUfk1MTGyuA4v7f3pA+BJ5HLfNC6nAQ0Cpi9uOquUj8Hehg0aUiHzWQbOVJGao6ztBAQ==",
      "engines": {
        "node": ">=6.9.0"
      }
    },
    "node_modules/@babel/highlight": {
      "version": "7.22.13",
      "resolved": "https://registry.npmjs.org/@babel/highlight/-/highlight-7.22.13.tgz",
      "integrity": "sha512-C/BaXcnnvBCmHTpz/VGZ8jgtE2aYlW4hxDhseJAWZb7gqGM/qtCK6iZUb0TyKFf7BOUsBH7Q7fkRsDRhg1XklQ==",
      "dependencies": {
        "@babel/helper-validator-identifier": "^7.22.5",
        "chalk": "^2.4.2",
        "js-tokens": "^4.0.0"
      },
      "engines": {
        "node": ">=6.9.0"
      }
    },
    "node_modules/@babel/parser": {
      "version": "7.22.14",
      "resolved": "https://registry.npmjs.org/@babel/parser/-/parser-7.22.14.tgz",
      "integrity": "sha512-1KucTHgOvaw/LzCVrEOAyXkr9rQlp0A1HiHRYnSUE9dmb8PvPW7o5sscg+5169r54n3vGlbx6GevTE/Iw/P3AQ==",
      "bin": {
        "parser": "bin/babel-parser.js"
      },
      "engines": {
        "node": ">=6.0.0"
      }
    },
    "node_modules/@jsdoc/ast": {
      "version": "0.2.2",
      "resolved": "https://registry.npmjs.org/@jsdoc/ast/-/ast-0.2.2.tgz",
      "integrity": "sha512-eXaYww27BnojIcXuCM8gzRaNsYnAXw8lDopXsXuZ+Qj6+8yOou11mDT7QDFdE2ZRMnZrNqkpuPQVIYo/NEio2g==",
      "dependencies": {
        "@babel/parser": "^7.22.4",
        "@jsdoc/core": "^0.5.2",
        "@jsdoc/util": "^0.3.0",
        "lodash": "^4.17.21"
      },
      "engines": {
        "node": ">=v18.12.0"
      }
    },
    "node_modules/@jsdoc/cli": {
      "version": "0.3.2",
      "resolved": "https://registry.npmjs.org/@jsdoc/cli/-/cli-0.3.2.tgz",
      "integrity": "sha512-BvaiQak94k1uLr1NqNXske7kDZNsWWsjioHwC6kG5Vy6+A4pjIxJma+5P+PMuEIYIJuiHoUvjM+xH6r7/nhKTQ==",
      "dependencies": {
        "@jsdoc/core": "^0.5.2",
        "@jsdoc/util": "^0.3.0",
        "lodash": "^4.17.21",
        "ow": "^1.1.1",
        "strip-bom": "^5.0.0",
        "yargs-parser": "^21.1.1"
      },
      "engines": {
        "node": ">=v18.12.0"
      }
    },
    "node_modules/@jsdoc/core": {
      "version": "0.5.2",
      "resolved": "https://registry.npmjs.org/@jsdoc/core/-/core-0.5.2.tgz",
      "integrity": "sha512-aw7mz3YMmNXrSjjc05FXUFW9rnDBRric3JSjBgDa6sDYHHXG/fhtUMIfJkEiP4eWnnpH7wWJEhvTcwJk9OFe5A==",
      "dependencies": {
        "bottlejs": "^2.0.1",
        "cosmiconfig": "^8.2.0",
        "escape-string-regexp": "^5.0.0",
        "lodash": "^4.17.21",
        "strip-bom": "^5.0.0",
        "strip-json-comments": "^5.0.0"
      },
      "engines": {
        "node": ">=v18.12.0"
      }
    },
    "node_modules/@jsdoc/doclet": {
      "version": "0.2.2",
      "resolved": "https://registry.npmjs.org/@jsdoc/doclet/-/doclet-0.2.2.tgz",
      "integrity": "sha512-15tU8S436HcYqsxHUMvFD9c27YXMYx0VBFO9aYK4++snA1zqBNTAt31UmlPYyWYR9IJtIHlZGbxI3yg43wbU2w==",
      "dependencies": {
        "@jsdoc/ast": "^0.2.2",
        "@jsdoc/core": "^0.5.2",
        "@jsdoc/tag": "^0.2.2",
        "@jsdoc/util": "^0.3.0",
        "lodash": "^4.17.21",
        "strip-bom": "^5.0.0"
      }
    },
    "node_modules/@jsdoc/parse": {
      "version": "0.3.2",
      "resolved": "https://registry.npmjs.org/@jsdoc/parse/-/parse-0.3.2.tgz",
      "integrity": "sha512-uWeU8lFSmS1hH0GcQtqqEGlbH/MaipfyuPJrHmwRWzQw4iJwDrxJAKFBeZlVsK2/0GpDJWqQhBxx6tbyKRrxbg==",
      "dependencies": {
        "@jsdoc/ast": "^0.2.2",
        "@jsdoc/core": "^0.5.2",
        "@jsdoc/doclet": "^0.2.2",
        "@jsdoc/util": "^0.3.0",
        "escape-string-regexp": "^5.0.0"
      }
    },
    "node_modules/@jsdoc/salty": {
      "version": "0.2.5",
      "resolved": "https://registry.npmjs.org/@jsdoc/salty/-/salty-0.2.5.tgz",
      "integrity": "sha512-TfRP53RqunNe2HBobVBJ0VLhK1HbfvBYeTC1ahnN64PWvyYyGebmMiPkuwvD9fpw2ZbkoPb8Q7mwy0aR8Z9rvw==",
      "dependencies": {
        "lodash": "^4.17.21"
      },
      "engines": {
        "node": ">=v12.0.0"
      }
    },
    "node_modules/@jsdoc/tag": {
      "version": "0.2.2",
      "resolved": "https://registry.npmjs.org/@jsdoc/tag/-/tag-0.2.2.tgz",
      "integrity": "sha512-CZ+d1FvVAUVgJgjkCnnvpjDsWE+roVOAnsh8XEhFwLff4kMh6tvaeoc8+owim+aNDCITRr800IYtyl9o87NTdQ==",
      "dependencies": {
        "@jsdoc/ast": "^0.2.2",
        "@jsdoc/core": "^0.5.2",
        "@jsdoc/util": "^0.3.0",
        "catharsis": "^0.9.0",
        "common-path-prefix": "^3.0.0",
        "lodash": "^4.17.21"
      },
      "engines": {
        "node": ">=v18.12.0"
      }
    },
    "node_modules/@jsdoc/util": {
      "version": "0.3.0",
      "resolved": "https://registry.npmjs.org/@jsdoc/util/-/util-0.3.0.tgz",
      "integrity": "sha512-l9uSPSKGvul8TAEvahtLHW5cY9VF9ocygEc7cfWHEkopO0QPlgcDagqY8jm93pzsDSM6ITdfJ9OfkfvLlts7PQ==",
      "dependencies": {
        "klaw-sync": "^6.0.0",
        "lodash": "^4.17.21",
        "ow": "^1.1.1"
      },
      "engines": {
        "node": ">=v18.12.0"
      }
    },
    "node_modules/@sindresorhus/is": {
      "version": "5.6.0",
      "resolved": "https://registry.npmjs.org/@sindresorhus/is/-/is-5.6.0.tgz",
      "integrity": "sha512-TV7t8GKYaJWsn00tFDqBw8+Uqmr8A0fRU1tvTQhyZzGv0sJCGRQL3JGMI3ucuKo3XIZdUP+Lx7/gh2t3lewy7g==",
      "engines": {
        "node": ">=14.16"
      },
      "funding": {
        "url": "https://github.com/sindresorhus/is?sponsor=1"
      }
    },
    "node_modules/ansi-styles": {
      "version": "3.2.1",
      "resolved": "https://registry.npmjs.org/ansi-styles/-/ansi-styles-3.2.1.tgz",
      "integrity": "sha512-VT0ZI6kZRdTh8YyJw3SMbYm/u+NqfsAxEpWO0Pf9sq8/e94WxxOpPKx9FR1FlyCtOVDNOQ+8ntlqFxiRc+r5qA==",
      "dependencies": {
        "color-convert": "^1.9.0"
      },
      "engines": {
        "node": ">=4"
      }
    },
    "node_modules/argparse": {
      "version": "2.0.1",
      "resolved": "https://registry.npmjs.org/argparse/-/argparse-2.0.1.tgz",
      "integrity": "sha512-8+9WqebbFzpX9OR+Wa6O29asIogeRMzcGtAINdpMHHyAg10f05aSFVBbcEqGf/PXw1EjAZ+q2/bEBg3DvurK3Q=="
    },
    "node_modules/bottlejs": {
      "version": "2.0.1",
      "resolved": "https://registry.npmjs.org/bottlejs/-/bottlejs-2.0.1.tgz",
      "integrity": "sha512-50T0bzqeAqZ+//kgjdDxNu7UP8Je04isNPyHPwwOOPoeZmtVESkuF9nwkWEqSEd9Sw1yJ1oaoHBAMxe/wG4Zzg=="
    },
    "node_modules/callsites": {
      "version": "4.1.0",
      "resolved": "https://registry.npmjs.org/callsites/-/callsites-4.1.0.tgz",
      "integrity": "sha512-aBMbD1Xxay75ViYezwT40aQONfr+pSXTHwNKvIXhXD6+LY3F1dLIcceoC5OZKBVHbXcysz1hL9D2w0JJIMXpUw==",
      "engines": {
        "node": ">=12.20"
      },
      "funding": {
        "url": "https://github.com/sponsors/sindresorhus"
      }
    },
    "node_modules/catharsis": {
      "version": "0.9.0",
      "resolved": "https://registry.npmjs.org/catharsis/-/catharsis-0.9.0.tgz",
      "integrity": "sha512-prMTQVpcns/tzFgFVkVp6ak6RykZyWb3gu8ckUpd6YkTlacOd3DXGJjIpD4Q6zJirizvaiAjSSHlOsA+6sNh2A==",
      "dependencies": {
        "lodash": "^4.17.15"
      },
      "engines": {
        "node": ">= 10"
      }
    },
    "node_modules/chalk": {
      "version": "2.4.2",
      "resolved": "https://registry.npmjs.org/chalk/-/chalk-2.4.2.tgz",
      "integrity": "sha512-Mti+f9lpJNcwF4tWV8/OrTTtF1gZi+f8FqlyAdouralcFWFQWF2+NgCHShjkCb+IFBLq9buZwE1xckQU4peSuQ==",
      "dependencies": {
        "ansi-styles": "^3.2.1",
        "escape-string-regexp": "^1.0.5",
        "supports-color": "^5.3.0"
      },
      "engines": {
        "node": ">=4"
      }
    },
    "node_modules/chalk/node_modules/escape-string-regexp": {
      "version": "1.0.5",
      "resolved": "https://registry.npmjs.org/escape-string-regexp/-/escape-string-regexp-1.0.5.tgz",
      "integrity": "sha512-vbRorB5FUQWvla16U8R/qgaFIya2qGzwDrNmCZuYKrbdSUMG6I1ZCGQRefkRVhuOkIGVne7BQ35DSfo1qvJqFg==",
      "engines": {
        "node": ">=0.8.0"
      }
    },
    "node_modules/color-convert": {
      "version": "1.9.3",
      "resolved": "https://registry.npmjs.org/color-convert/-/color-convert-1.9.3.tgz",
      "integrity": "sha512-QfAUtd+vFdAtFQcC8CCyYt1fYWxSqAiK2cSD6zDB8N3cpsEBAvRxp9zOGg6G/SHHJYAT88/az/IuDGALsNVbGg==",
      "dependencies": {
        "color-name": "1.1.3"
      }
    },
    "node_modules/color-name": {
      "version": "1.1.3",
      "resolved": "https://registry.npmjs.org/color-name/-/color-name-1.1.3.tgz",
      "integrity": "sha512-72fSenhMw2HZMTVHeCA9KCmpEIbzWiQsjN+BHcBbS9vr1mtt+vJjPdksIBNUmKAW8TFUDPJK5SUU3QhE9NEXDw=="
    },
    "node_modules/common-path-prefix": {
      "version": "3.0.0",
      "resolved": "https://registry.npmjs.org/common-path-prefix/-/common-path-prefix-3.0.0.tgz",
      "integrity": "sha512-QE33hToZseCH3jS0qN96O/bSh3kaw/h+Tq7ngyY9eWDUnTlTNUyqfqvCXioLe5Na5jFsL78ra/wuBU4iuEgd4w=="
    },
    "node_modules/cosmiconfig": {
      "version": "8.3.2",
      "resolved": "https://registry.npmjs.org/cosmiconfig/-/cosmiconfig-8.3.2.tgz",
      "integrity": "sha512-/PvU3MjSLVKJMRHsL6GW+wHQ9RaJuMW6fnn56sXNy+kP1L8nI/SHk9F9giIA+dnfzjKNJAulRjOR/fi9kzGuNA==",
      "dependencies": {
        "import-fresh": "^3.3.0",
        "js-yaml": "^4.1.0",
        "parse-json": "^5.2.0",
        "path-type": "^4.0.0"
      },
      "engines": {
        "node": ">=18"
      },
      "funding": {
        "url": "https://github.com/sponsors/d-fischer"
      },
      "peerDependencies": {
        "typescript": ">=4.9.5"
      },
      "peerDependenciesMeta": {
        "typescript": {
          "optional": true
        }
      }
    },
    "node_modules/dot-prop": {
      "version": "7.2.0",
      "resolved": "https://registry.npmjs.org/dot-prop/-/dot-prop-7.2.0.tgz",
      "integrity": "sha512-Ol/IPXUARn9CSbkrdV4VJo7uCy1I3VuSiWCaFSg+8BdUOzF9n3jefIpcgAydvUZbTdEBZs2vEiTiS9m61ssiDA==",
      "dependencies": {
        "type-fest": "^2.11.2"
      },
      "engines": {
        "node": "^12.20.0 || ^14.13.1 || >=16.0.0"
      },
      "funding": {
        "url": "https://github.com/sponsors/sindresorhus"
      }
    },
    "node_modules/error-ex": {
      "version": "1.3.2",
      "resolved": "https://registry.npmjs.org/error-ex/-/error-ex-1.3.2.tgz",
      "integrity": "sha512-7dFHNmqeFSEt2ZBsCriorKnn3Z2pj+fd9kmI6QoWw4//DL+icEBfc0U7qJCisqrTsKTjw4fNFy2pW9OqStD84g==",
      "dependencies": {
        "is-arrayish": "^0.2.1"
      }
    },
    "node_modules/escape-string-regexp": {
      "version": "5.0.0",
      "resolved": "https://registry.npmjs.org/escape-string-regexp/-/escape-string-regexp-5.0.0.tgz",
      "integrity": "sha512-/veY75JbMK4j1yjvuUxuVsiS/hr/4iHs9FTT6cgTexxdE0Ly/glccBAkloH/DofkjRbZU3bnoj38mOmhkZ0lHw==",
      "engines": {
        "node": ">=12"
      },
      "funding": {
        "url": "https://github.com/sponsors/sindresorhus"
      }
    },
    "node_modules/graceful-fs": {
      "version": "4.2.11",
      "resolved": "https://registry.npmjs.org/graceful-fs/-/graceful-fs-4.2.11.tgz",
      "integrity": "sha512-RbJ5/jmFcNNCcDV5o9eTnBLJ/HszWV0P73bc+Ff4nS/rJj+YaS6IGyiOL0VoBYX+l1Wrl3k63h/KrH+nhJ0XvQ=="
    },
    "node_modules/has-flag": {
      "version": "3.0.0",
      "resolved": "https://registry.npmjs.org/has-flag/-/has-flag-3.0.0.tgz",
      "integrity": "sha512-sKJf1+ceQBr4SMkvQnBDNDtf4TXpVhVGateu0t918bl30FnbE2m4vNLX+VWe/dpjlb+HugGYzW7uQXH98HPEYw==",
      "engines": {
        "node": ">=4"
      }
    },
    "node_modules/import-fresh": {
      "version": "3.3.0",
      "resolved": "https://registry.npmjs.org/import-fresh/-/import-fresh-3.3.0.tgz",
      "integrity": "sha512-veYYhQa+D1QBKznvhUHxb8faxlrwUnxseDAbAp457E0wLNio2bOSKnjYDhMj+YiAq61xrMGhQk9iXVk5FzgQMw==",
      "dependencies": {
        "parent-module": "^1.0.0",
        "resolve-from": "^4.0.0"
      },
      "engines": {
        "node": ">=6"
      },
      "funding": {
        "url": "https://github.com/sponsors/sindresorhus"
      }
    },
    "node_modules/is-arrayish": {
      "version": "0.2.1",
      "resolved": "https://registry.npmjs.org/is-arrayish/-/is-arrayish-0.2.1.tgz",
      "integrity": "sha512-zz06S8t0ozoDXMG+ube26zeCTNXcKIPJZJi8hBrF4idCLms4CG9QtK7qBl1boi5ODzFpjswb5JPmHCbMpjaYzg=="
    },
    "node_modules/js-tokens": {
      "version": "4.0.0",
      "resolved": "https://registry.npmjs.org/js-tokens/-/js-tokens-4.0.0.tgz",
      "integrity": "sha512-RdJUflcE3cUzKiMqQgsCu06FPu9UdIJO0beYbPhHN4k6apgJtifcoCtT9bcxOpYBtpD2kCM6Sbzg4CausW/PKQ=="
    },
    "node_modules/js-yaml": {
      "version": "4.1.0",
      "resolved": "https://registry.npmjs.org/js-yaml/-/js-yaml-4.1.0.tgz",
      "integrity": "sha512-wpxZs9NoxZaJESJGIZTyDEaYpl0FKSA+FB9aJiyemKhMwkxQg63h4T1KJgUGHpTqPDNRcmmYLugrRjJlBtWvRA==",
      "dependencies": {
        "argparse": "^2.0.1"
      },
      "bin": {
        "js-yaml": "bin/js-yaml.js"
      }
    },
    "node_modules/json-parse-even-better-errors": {
      "version": "2.3.1",
      "resolved": "https://registry.npmjs.org/json-parse-even-better-errors/-/json-parse-even-better-errors-2.3.1.tgz",
      "integrity": "sha512-xyFwyhro/JEof6Ghe2iz2NcXoj2sloNsWr/XsERDK/oiPCfaNhl5ONfp+jQdAZRQQ0IJWNzH9zIZF7li91kh2w=="
    },
    "node_modules/klaw-sync": {
      "version": "6.0.0",
      "resolved": "https://registry.npmjs.org/klaw-sync/-/klaw-sync-6.0.0.tgz",
      "integrity": "sha512-nIeuVSzdCCs6TDPTqI8w1Yre34sSq7AkZ4B3sfOBbI2CgVSB4Du4aLQijFU2+lhAFCwt9+42Hel6lQNIv6AntQ==",
      "dependencies": {
        "graceful-fs": "^4.1.11"
      }
    },
    "node_modules/lines-and-columns": {
      "version": "1.2.4",
      "resolved": "https://registry.npmjs.org/lines-and-columns/-/lines-and-columns-1.2.4.tgz",
      "integrity": "sha512-7ylylesZQ/PV29jhEDl3Ufjo6ZX7gCqJr5F7PKrqc93v7fzSymt1BpwEU8nAUXs8qzzvqhbjhK5QZg6Mt/HkBg=="
    },
    "node_modules/lodash": {
      "version": "4.17.21",
      "license": "MIT"
    },
    "node_modules/lodash.isequal": {
      "version": "4.5.0",
      "resolved": "https://registry.npmjs.org/lodash.isequal/-/lodash.isequal-4.5.0.tgz",
      "integrity": "sha512-pDo3lu8Jhfjqls6GkMgpahsF9kCyayhgykjyLMNFTKWrpVdAQtYyB4muAMWozBB4ig/dtWAmsMxLEI8wuz+DYQ=="
    },
    "node_modules/ow": {
      "version": "1.1.1",
      "resolved": "https://registry.npmjs.org/ow/-/ow-1.1.1.tgz",
      "integrity": "sha512-sJBRCbS5vh1Jp9EOgwp1Ws3c16lJrUkJYlvWTYC03oyiYVwS/ns7lKRWow4w4XjDyTrA2pplQv4B2naWSR6yDA==",
      "dependencies": {
        "@sindresorhus/is": "^5.3.0",
        "callsites": "^4.0.0",
        "dot-prop": "^7.2.0",
        "lodash.isequal": "^4.5.0",
        "vali-date": "^1.0.0"
      },
      "engines": {
        "node": ">=14.16"
      },
      "funding": {
        "url": "https://github.com/sponsors/sindresorhus"
      }
    },
    "node_modules/parent-module": {
      "version": "1.0.1",
      "resolved": "https://registry.npmjs.org/parent-module/-/parent-module-1.0.1.tgz",
      "integrity": "sha512-GQ2EWRpQV8/o+Aw8YqtfZZPfNRWZYkbidE9k5rpl/hC3vtHHBfGm2Ifi6qWV+coDGkrUKZAxE3Lot5kcsRlh+g==",
      "dependencies": {
        "callsites": "^3.0.0"
      },
      "engines": {
        "node": ">=6"
      }
    },
    "node_modules/parent-module/node_modules/callsites": {
      "version": "3.1.0",
      "resolved": "https://registry.npmjs.org/callsites/-/callsites-3.1.0.tgz",
      "integrity": "sha512-P8BjAsXvZS+VIDUI11hHCQEv74YT67YUi5JJFNWIqL235sBmjX4+qx9Muvls5ivyNENctx46xQLQ3aTuE7ssaQ==",
      "engines": {
        "node": ">=6"
      }
    },
    "node_modules/parse-json": {
      "version": "5.2.0",
      "resolved": "https://registry.npmjs.org/parse-json/-/parse-json-5.2.0.tgz",
      "integrity": "sha512-ayCKvm/phCGxOkYRSCM82iDwct8/EonSEgCSxWxD7ve6jHggsFl4fZVQBPRNgQoKiuV/odhFrGzQXZwbifC8Rg==",
      "dependencies": {
        "@babel/code-frame": "^7.0.0",
        "error-ex": "^1.3.1",
        "json-parse-even-better-errors": "^2.3.0",
        "lines-and-columns": "^1.1.6"
      },
      "engines": {
        "node": ">=8"
      },
      "funding": {
        "url": "https://github.com/sponsors/sindresorhus"
      }
    },
    "node_modules/path-type": {
      "version": "4.0.0",
      "resolved": "https://registry.npmjs.org/path-type/-/path-type-4.0.0.tgz",
      "integrity": "sha512-gDKb8aZMDeD/tZWs9P6+q0J9Mwkdl6xMV8TjnGP3qJVJ06bdMgkbBlLU8IdfOsIsFz2BW1rNVT3XuNEl8zPAvw==",
      "engines": {
        "node": ">=8"
      }
    },
    "node_modules/resolve-from": {
      "version": "4.0.0",
      "resolved": "https://registry.npmjs.org/resolve-from/-/resolve-from-4.0.0.tgz",
      "integrity": "sha512-pb/MYmXstAkysRFx8piNI1tGFNQIFA3vkE3Gq4EuA1dF6gHp/+vgZqsCGJapvy8N3Q+4o7FwvquPJcnZ7RYy4g==",
      "engines": {
        "node": ">=4"
      }
    },
    "node_modules/strip-bom": {
      "version": "5.0.0",
      "resolved": "https://registry.npmjs.org/strip-bom/-/strip-bom-5.0.0.tgz",
      "integrity": "sha512-p+byADHF7SzEcVnLvc/r3uognM1hUhObuHXxJcgLCfD194XAkaLbjq3Wzb0N5G2tgIjH0dgT708Z51QxMeu60A==",
      "engines": {
        "node": ">=12"
      },
      "funding": {
        "url": "https://github.com/sponsors/sindresorhus"
      }
    },
    "node_modules/strip-json-comments": {
      "version": "5.0.1",
      "resolved": "https://registry.npmjs.org/strip-json-comments/-/strip-json-comments-5.0.1.tgz",
      "integrity": "sha512-0fk9zBqO67Nq5M/m45qHCJxylV/DhBlIOVExqgOMiCCrzrhU6tCibRXNqE3jwJLftzE9SNuZtYbpzcO+i9FiKw==",
      "engines": {
        "node": ">=14.16"
      },
      "funding": {
        "url": "https://github.com/sponsors/sindresorhus"
      }
    },
    "node_modules/supports-color": {
      "version": "5.5.0",
      "resolved": "https://registry.npmjs.org/supports-color/-/supports-color-5.5.0.tgz",
      "integrity": "sha512-QjVjwdXIt408MIiAqCX4oUKsgU2EqAGzs2Ppkm4aQYbjm+ZEWEcW4SfFNTr4uMNZma0ey4f5lgLrkB0aX0QMow==",
      "dependencies": {
        "has-flag": "^3.0.0"
      },
      "engines": {
        "node": ">=4"
      }
    },
    "node_modules/type-fest": {
      "version": "2.19.0",
      "resolved": "https://registry.npmjs.org/type-fest/-/type-fest-2.19.0.tgz",
      "integrity": "sha512-RAH822pAdBgcNMAfWnCBU3CFZcfZ/i1eZjwFU/dsLKumyuuP3niueg2UAukXYF0E2AAoc82ZSSf9J0WQBinzHA==",
      "engines": {
        "node": ">=12.20"
      },
      "funding": {
        "url": "https://github.com/sponsors/sindresorhus"
      }
    },
    "node_modules/vali-date": {
      "version": "1.0.0",
      "resolved": "https://registry.npmjs.org/vali-date/-/vali-date-1.0.0.tgz",
      "integrity": "sha512-sgECfZthyaCKW10N0fm27cg8HYTFK5qMWgypqkXMQ4Wbl/zZKx7xZICgcoxIIE+WFAP/MBL2EFwC/YvLxw3Zeg==",
      "engines": {
        "node": ">=0.10.0"
      }
    },
    "node_modules/yargs-parser": {
      "version": "21.1.1",
      "resolved": "https://registry.npmjs.org/yargs-parser/-/yargs-parser-21.1.1.tgz",
      "integrity": "sha512-tVpsJW7DdjecAiFpbIB1e3qxIQsE6NoPc5/eTdrbbIC4h0LVsWhnoa3g+m2HclBIujHzsxZ4VJVA+GUuc2/LBw==",
      "engines": {
        "node": ">=12"
      }
    }
  }
}
