{
	"name": "@jsdoc/util",
	"version": "0.2.2",
	"lockfileVersion": 2,
	"requires": true,
	"packages": {
		"": {
			"name": "@jsdoc/util",
			"version": "0.2.2",
			"license": "Apache-2.0",
			"dependencies": {
				"klaw-sync": "^6.0.0",
				"lodash": "^4.17.20",
				"ow": "^0.17.0"
			},
			"engines": {
				"node": ">=10.18.0"
			}
		},
		"node_modules/graceful-fs": {
			"version": "4.2.3",
			"resolved": "https://registry.npmjs.org/graceful-fs/-/graceful-fs-4.2.3.tgz",
			"integrity": "sha512-a30VEBm4PEdx1dRB7MFK7BejejvCvBronbLjht+sHuGYj8PHs7M/5Z+rt5lw551vZ7yfTCj4Vuyy3mSJytDWRQ=="
		},
		"node_modules/klaw-sync": {
			"version": "6.0.0",
			"resolved": "https://registry.npmjs.org/klaw-sync/-/klaw-sync-6.0.0.tgz",
			"integrity": "sha512-nIeuVSzdCCs6TDPTqI8w1Yre34sSq7AkZ4B3sfOBbI2CgVSB4Du4aLQijFU2+lhAFCwt9+42Hel6lQNIv6AntQ==",
			"dependencies": {
				"graceful-fs": "^4.1.11"
			}
		},
		"node_modules/lodash": {
			"version": "4.17.20",
			"resolved": "https://registry.npmjs.org/lodash/-/lodash-4.17.20.tgz",
			"integrity": "sha512-PlhdFcillOINfeV7Ni6oF1TAEayyZBoZ8bcshTHqOYJYlrqzRK5hagpagky5o4HfCzzd1TRkXPMFq6cKk9rGmA=="
		},
		"node_modules/ow": {
			"version": "0.17.0",
			"resolved": "https://registry.npmjs.org/ow/-/ow-0.17.0.tgz",
			"integrity": "sha512-i3keDzDQP5lWIe4oODyDFey1qVrq2hXKTuTH2VpqwpYtzPiKZt2ziRI4NBQmgW40AnV5Euz17OyWweCb+bNEQA==",
			"funding": "https://github.com/sponsors/sindresorhus",
			"dependencies": {
				"type-fest": "^0.11.0"
			},
			"engines": {
				"node": ">=10"
			}
		},
		"node_modules/type-fest": {
			"version": "0.11.0",
			"resolved": "https://registry.npmjs.org/type-fest/-/type-fest-0.11.0.tgz",
			"integrity": "sha512-OdjXJxnCN1AvyLSzeKIgXTXxV+99ZuXl3Hpo9XpJAv9MBcHrrJOQ5kV7ypXOuQie+AmWG25hLbiKdwYTifzcfQ==",
			"funding": "https://github.com/sponsors/sindresorhus",
			"engines": {
				"node": ">=8"
			}
		}
	},
	"dependencies": {
		"graceful-fs": {
			"version": "4.2.3",
			"resolved": "https://registry.npmjs.org/graceful-fs/-/graceful-fs-4.2.3.tgz",
			"integrity": "sha512-a30VEBm4PEdx1dRB7MFK7BejejvCvBronbLjht+sHuGYj8PHs7M/5Z+rt5lw551vZ7yfTCj4Vuyy3mSJytDWRQ=="
		},
		"klaw-sync": {
			"version": "6.0.0",
			"resolved": "https://registry.npmjs.org/klaw-sync/-/klaw-sync-6.0.0.tgz",
			"integrity": "sha512-nIeuVSzdCCs6TDPTqI8w1Yre34sSq7AkZ4B3sfOBbI2CgVSB4Du4aLQijFU2+lhAFCwt9+42Hel6lQNIv6AntQ==",
			"requires": {
				"graceful-fs": "^4.1.11"
			}
		},
		"lodash": {
			"version": "4.17.20",
			"resolved": "https://registry.npmjs.org/lodash/-/lodash-4.17.20.tgz",
			"integrity": "sha512-PlhdFcillOINfeV7Ni6oF1TAEayyZBoZ8bcshTHqOYJYlrqzRK5hagpagky5o4HfCzzd1TRkXPMFq6cKk9rGmA=="
		},
		"ow": {
			"version": "0.17.0",
			"resolved": "https://registry.npmjs.org/ow/-/ow-0.17.0.tgz",
			"integrity": "sha512-i3keDzDQP5lWIe4oODyDFey1qVrq2hXKTuTH2VpqwpYtzPiKZt2ziRI4NBQmgW40AnV5Euz17OyWweCb+bNEQA==",
			"requires": {
				"type-fest": "^0.11.0"
			}
		},
		"type-fest": {
			"version": "0.11.0",
			"resolved": "https://registry.npmjs.org/type-fest/-/type-fest-0.11.0.tgz",
			"integrity": "sha512-OdjXJxnCN1AvyLSzeKIgXTXxV+99ZuXl3Hpo9XpJAv9MBcHrrJOQ5kV7ypXOuQie+AmWG25hLbiKdwYTifzcfQ=="
		}
	}
}
