{
	"name": "@jsdoc/cli",
	"version": "0.2.3",
	"lockfileVersion": 2,
	"requires": true,
	"packages": {
		"": {
			"name": "@jsdoc/cli",
			"version": "0.2.3",
			"license": "Apache-2.0",
			"dependencies": {
				"lodash": "^4.17.20",
				"ow": "^0.19.0",
				"strip-bom": "^4.0.0",
				"yargs-parser": "^19.0.1"
			},
			"engines": {
				"node": ">=10.18.0"
			}
		},
		"node_modules/lodash": {
			"version": "4.17.20",
			"resolved": "https://registry.npmjs.org/lodash/-/lodash-4.17.20.tgz",
			"integrity": "sha512-PlhdFcillOINfeV7Ni6oF1TAEayyZBoZ8bcshTHqOYJYlrqzRK5hagpagky5o4HfCzzd1TRkXPMFq6cKk9rGmA=="
		},
		"node_modules/ow": {
			"version": "0.19.0",
			"resolved": "https://registry.npmjs.org/ow/-/ow-0.19.0.tgz",
			"integrity": "sha512-xv/vJrp5Pnt4kOVxwR9QniIzr4Ktd5LfnayoUhPYJbW2A6EZ6rPKWJLYySOxU4wjghEn0eg5/GFTAlnl3HEVcA==",
			"dependencies": {
				"type-fest": "^0.18.0"
			},
			"engines": {
				"node": ">=10"
			},
			"funding": {
				"url": "https://github.com/sponsors/sindresorhus"
			}
		},
		"node_modules/strip-bom": {
			"version": "4.0.0",
			"resolved": "https://registry.npmjs.org/strip-bom/-/strip-bom-4.0.0.tgz",
			"integrity": "sha512-3xurFv5tEgii33Zi8Jtp55wEIILR9eh34FAW00PZf+JnSsTmV/ioewSgQl97JHvgjoRGwPShsWm+IdrxB35d0w==",
			"engines": {
				"node": ">=8"
			}
		},
		"node_modules/type-fest": {
			"version": "0.18.0",
			"resolved": "https://registry.npmjs.org/type-fest/-/type-fest-0.18.0.tgz",
			"integrity": "sha512-fbDukFPnJBdn2eZ3RR+5mK2slHLFd6gYHY7jna1KWWy4Yr4XysHuCdXRzy+RiG/HwG4WJat00vdC2UHky5eKiQ==",
			"engines": {
				"node": ">=10"
			},
			"funding": {
				"url": "https://github.com/sponsors/sindresorhus"
			}
		},
		"node_modules/yargs-parser": {
			"version": "19.0.1",
			"resolved": "https://registry.npmjs.org/yargs-parser/-/yargs-parser-19.0.1.tgz",
			"integrity": "sha512-2UuJKZmPN9S9/0s3FSCG3aNUSyC/qz56oJsMZG0NV2B44QxTXaNySp4xXW10CizmUs0DXgPY0y114dOGLvtYHg==",
			"engines": {
				"node": ">=10"
			}
		}
	},
	"dependencies": {
		"lodash": {
			"version": "4.17.20",
			"resolved": "https://registry.npmjs.org/lodash/-/lodash-4.17.20.tgz",
			"integrity": "sha512-PlhdFcillOINfeV7Ni6oF1TAEayyZBoZ8bcshTHqOYJYlrqzRK5hagpagky5o4HfCzzd1TRkXPMFq6cKk9rGmA=="
		},
		"ow": {
			"version": "0.19.0",
			"resolved": "https://registry.npmjs.org/ow/-/ow-0.19.0.tgz",
			"integrity": "sha512-xv/vJrp5Pnt4kOVxwR9QniIzr4Ktd5LfnayoUhPYJbW2A6EZ6rPKWJLYySOxU4wjghEn0eg5/GFTAlnl3HEVcA==",
			"requires": {
				"type-fest": "^0.18.0"
			}
		},
		"strip-bom": {
			"version": "4.0.0",
			"resolved": "https://registry.npmjs.org/strip-bom/-/strip-bom-4.0.0.tgz",
			"integrity": "sha512-3xurFv5tEgii33Zi8Jtp55wEIILR9eh34FAW00PZf+JnSsTmV/ioewSgQl97JHvgjoRGwPShsWm+IdrxB35d0w=="
		},
		"type-fest": {
			"version": "0.18.0",
			"resolved": "https://registry.npmjs.org/type-fest/-/type-fest-0.18.0.tgz",
			"integrity": "sha512-fbDukFPnJBdn2eZ3RR+5mK2slHLFd6gYHY7jna1KWWy4Yr4XysHuCdXRzy+RiG/HwG4WJat00vdC2UHky5eKiQ=="
		},
		"yargs-parser": {
			"version": "19.0.1",
			"resolved": "https://registry.npmjs.org/yargs-parser/-/yargs-parser-19.0.1.tgz",
			"integrity": "sha512-2UuJKZmPN9S9/0s3FSCG3aNUSyC/qz56oJsMZG0NV2B44QxTXaNySp4xXW10CizmUs0DXgPY0y114dOGLvtYHg=="
		}
	}
}
