{
	"name": "@jsdoc/cli",
	"version": "0.2.0",
	"lockfileVersion": 1,
	"requires": true,
	"dependencies": {
		"camelcase": {
			"version": "5.3.1",
			"resolved": "https://registry.npmjs.org/camelcase/-/camelcase-5.3.1.tgz",
			"integrity": "sha512-L28STB170nwWS63UjtlEOE3dldQApaJXZkOI1uMFfzf3rRuPegHaHesyee+YxQ+W6SvRDQV6UrdOdRiR153wJg=="
		},
		"decamelize": {
			"version": "1.2.0",
			"resolved": "https://registry.npmjs.org/decamelize/-/decamelize-1.2.0.tgz",
			"integrity": "sha1-9lNNFRSCabIDUue+4m9QH5oZEpA="
		},
		"lodash": {
			"version": "4.17.15",
			"resolved": "https://registry.npmjs.org/lodash/-/lodash-4.17.15.tgz",
			"integrity": "sha512-8xOcRHvCjnocdS5cpwXQXVzmmh5e5+saE2QGoeQmbKmRS6J3VQppPOIt0MnmE+4xlZoumy0GPG0D0MVIQbNA1A=="
		},
		"ow": {
			"version": "0.16.0",
			"resolved": "https://registry.npmjs.org/ow/-/ow-0.16.0.tgz",
			"integrity": "sha512-pJAkOEbRT7vhJZlkyKp/rQKR4YQ3qqdek6f3MnHMs7MRBKm5RfZq6GiLnqMRbQeYTwhMFXsTFuyhDrFuPu+yFQ==",
			"requires": {
				"type-fest": "^0.8.1"
			}
		},
		"strip-bom": {
			"version": "4.0.0",
			"resolved": "https://registry.npmjs.org/strip-bom/-/strip-bom-4.0.0.tgz",
			"integrity": "sha512-3xurFv5tEgii33Zi8Jtp55wEIILR9eh34FAW00PZf+JnSsTmV/ioewSgQl97JHvgjoRGwPShsWm+IdrxB35d0w=="
		},
		"type-fest": {
			"version": "0.8.1",
			"resolved": "https://registry.npmjs.org/type-fest/-/type-fest-0.8.1.tgz",
			"integrity": "sha512-4dbzIzqvjtgiM5rw1k5rEHtBANKmdudhGyBEajN01fEyhaAIhsoKNy6y7+IN93IfpFtwY9iqi7kD+xwKhQsNJA=="
		},
		"yargs-parser": {
			"version": "17.0.0",
			"resolved": "https://registry.npmjs.org/yargs-parser/-/yargs-parser-17.0.0.tgz",
			"integrity": "sha512-Fl4RBJThsWeJl3cRZeGuolcuH78/foVUAYIUpKn8rkCnjn23ilZvJyEZJjnlzoG/+EJKPb1RggD4xS/Jie2nxg==",
			"requires": {
				"camelcase": "^5.0.0",
				"decamelize": "^1.2.0"
			}
		}
	}
}
